
Microsoft Visual Studio Solution File, Format Version 12.00
# Visual Studio Version 17
VisualStudioVersion = 17.5.33530.505
MinimumVisualStudioVersion = 10.0.40219.1
Project("{8BC9CEB8-8B4A-11D0-8D11-00A0C91BC942}") = "CudaRayTracer", "CudaRayTracer.vcxproj", "{EC15568C-211D-41EE-9704-41CE3DCE3C3C}"
EndProject
Global
	GlobalSection(SolutionConfigurationPlatforms) = preSolution
		Debug|x64 = Debug|x64
		Release|x64 = Release|x64
	EndGlobalSection
	GlobalSection(ProjectConfigurationPlatforms) = postSolution
		{EC15568C-211D-41EE-9704-41CE3DCE3C3C}.Debug|x64.ActiveCfg = Debug|x64
		{EC15568C-211D-41EE-9704-41CE3DCE3C3C}.Debug|x64.Build.0 = Debug|x64
		{EC15568C-211D-41EE-9704-41CE3DCE3C3C}.Release|x64.ActiveCfg = Release|x64
		{EC15568C-211D-41EE-9704-41CE3DCE3C3C}.Release|x64.Build.0 = Release|x64
	EndGlobalSection
	GlobalSection(SolutionProperties) = preSolution
		HideSolutionNode = FALSE
	EndGlobalSection
	GlobalSection(ExtensibilityGlobals) = postSolution
		SolutionGuid = {D962AA7C-7EF3-4409-BB49-BD240C2A4DB3}
	EndGlobalSection
EndGlobal
